
Microsoft Visual Studio Solution File, Format Version 12.00
# Visual Studio Version 17
VisualStudioVersion = 17.14.36623.8
MinimumVisualStudioVersion = 10.0.40219.1
Project("{FAE04EC0-301F-11D3-BF4B-00C04F79EFBC}") = "ProjectFinally", "ProjectFinally\ProjectFinally.csproj", "{86D0112E-7BE6-4576-B8C3-670D6DFA7860}"
EndProject
Project("{FAE04EC0-301F-11D3-BF4B-00C04F79EFBC}") = "ProjectFinally.Tests", "ProjectFinally.Tests\ProjectFinally.Tests.csproj", "{485FBB49-5C2F-49EF-8069-8BE614EF7938}"
EndProject
Global
	GlobalSection(SolutionConfigurationPlatforms) = preSolution
		Debug|Any CPU = Debug|Any CPU
		Debug|x64 = Debug|x64
		Debug|x86 = Debug|x86
		Release|Any CPU = Release|Any CPU
		Release|x64 = Release|x64
		Release|x86 = Release|x86
	EndGlobalSection
	GlobalSection(ProjectConfigurationPlatforms) = postSolution
		{86D0112E-7BE6-4576-B8C3-670D6DFA7860}.Debug|Any CPU.ActiveCfg = Debug|Any CPU
		{86D0112E-7BE6-4576-B8C3-670D6DFA7860}.Debug|Any CPU.Build.0 = Debug|Any CPU
		{86D0112E-7BE6-4576-B8C3-670D6DFA7860}.Debug|x64.ActiveCfg = Debug|Any CPU
		{86D0112E-7BE6-4576-B8C3-670D6DFA7860}.Debug|x64.Build.0 = Debug|Any CPU
		{86D0112E-7BE6-4576-B8C3-670D6DFA7860}.Debug|x86.ActiveCfg = Debug|Any CPU
		{86D0112E-7BE6-4576-B8C3-670D6DFA7860}.Debug|x86.Build.0 = Debug|Any CPU
		{86D0112E-7BE6-4576-B8C3-670D6DFA7860}.Release|Any CPU.ActiveCfg = Release|Any CPU
		{86D0112E-7BE6-4576-B8C3-670D6DFA7860}.Release|Any CPU.Build.0 = Release|Any CPU
		{86D0112E-7BE6-4576-B8C3-670D6DFA7860}.Release|x64.ActiveCfg = Release|Any CPU
		{86D0112E-7BE6-4576-B8C3-670D6DFA7860}.Release|x64.Build.0 = Release|Any CPU
		{86D0112E-7BE6-4576-B8C3-670D6DFA7860}.Release|x86.ActiveCfg = Release|Any CPU
		{86D0112E-7BE6-4576-B8C3-670D6DFA7860}.Release|x86.Build.0 = Release|Any CPU
		{485FBB49-5C2F-49EF-8069-8BE614EF7938}.Debug|Any CPU.ActiveCfg = Debug|Any CPU
		{485FBB49-5C2F-49EF-8069-8BE614EF7938}.Debug|Any CPU.Build.0 = Debug|Any CPU
		{485FBB49-5C2F-49EF-8069-8BE614EF7938}.Debug|x64.ActiveCfg = Debug|Any CPU
		{485FBB49-5C2F-49EF-8069-8BE614EF7938}.Debug|x64.Build.0 = Debug|Any CPU
		{485FBB49-5C2F-49EF-8069-8BE614EF7938}.Debug|x86.ActiveCfg = Debug|Any CPU
		{485FBB49-5C2F-49EF-8069-8BE614EF7938}.Debug|x86.Build.0 = Debug|Any CPU
		{485FBB49-5C2F-49EF-8069-8BE614EF7938}.Release|Any CPU.ActiveCfg = Release|Any CPU
		{485FBB49-5C2F-49EF-8069-8BE614EF7938}.Release|Any CPU.Build.0 = Release|Any CPU
		{485FBB49-5C2F-49EF-8069-8BE614EF7938}.Release|x64.ActiveCfg = Release|Any CPU
		{485FBB49-5C2F-49EF-8069-8BE614EF7938}.Release|x64.Build.0 = Release|Any CPU
		{485FBB49-5C2F-49EF-8069-8BE614EF7938}.Release|x86.ActiveCfg = Release|Any CPU
		{485FBB49-5C2F-49EF-8069-8BE614EF7938}.Release|x86.Build.0 = Release|Any CPU
	EndGlobalSection
	GlobalSection(SolutionProperties) = preSolution
		HideSolutionNode = FALSE
	EndGlobalSection
	GlobalSection(ExtensibilityGlobals) = postSolution
		SolutionGuid = {52D488C7-B453-4828-8BC5-42BA34F8E13E}
	EndGlobalSection
EndGlobal
